{
  "name": "zgml",
  "version": "1.0.0",
  "lockfileVersion": 3,
  "requires": true,
  "packages": {
    "": {
      "name": "zgml",
      "version": "1.0.0",
      "license": "MIT",
      "dependencies": {
        "koffi": "^3.0.2"
      },
      "devDependencies": {
        "tsdown": "^0.22.2",
        "typescript": "^6.0.3"
      }
    },
    "node_modules/@babel/generator": {
      "version": "8.0.0-rc.6",
      "resolved": "https://registry.npmjs.org/@babel/generator/-/generator-8.0.0-rc.6.tgz",
      "integrity": "sha512-6mIzgVK8DgEzvIapoQwhXTMnnkuE4STQmVv9H03i/tZ2ml8oev3TRvZJgTenK2Bsq0YWNtzOrFdTyNzCMFtjJQ==",
      "dev": true,
      "license": "MIT",
      "dependencies": {
        "@babel/parser": "^8.0.0-rc.6",
        "@babel/types": "^8.0.0-rc.6",
        "@jridgewell/gen-mapping": "^0.3.12",
        "@jridgewell/trace-mapping": "^0.3.28",
        "@types/jsesc": "^2.5.0",
        "jsesc": "^3.0.2"
      },
      "engines": {
        "node": "^22.18.0 || >=24.11.0"
      }
    },
    "node_modules/@babel/helper-string-parser": {
      "version": "8.0.0-rc.6",
      "resolved": "https://registry.npmjs.org/@babel/helper-string-parser/-/helper-string-parser-8.0.0-rc.6.tgz",
      "integrity": "sha512-BCkFy+zN6kXQed3YOT7aJl93NfDSzQc3pBfsvTVPs9gU9X3V0aefEF5kwBT0E+mDWH9QgKaZstYUQN9VdQZT4g==",
      "dev": true,
      "license": "MIT",
      "engines": {
        "node": "^22.18.0 || >=24.11.0"
      }
    },
    "node_modules/@babel/helper-validator-identifier": {
      "version": "8.0.0-rc.6",
      "resolved": "https://registry.npmjs.org/@babel/helper-validator-identifier/-/helper-validator-identifier-8.0.0-rc.6.tgz",
      "integrity": "sha512-nVJ+1JcCgntv8d78rRo++o2wuODT0Irknx2BF8Np4Ft2CRgjLqIs4qzSZ8b66yGbBdMWGmZBO9WEZv1hhNiSpg==",
      "dev": true,
      "license": "MIT",
      "engines": {
        "node": "^22.18.0 || >=24.11.0"
      }
    },
    "node_modules/@babel/parser": {
      "version": "8.0.0-rc.6",
      "resolved": "https://registry.npmjs.org/@babel/parser/-/parser-8.0.0-rc.6.tgz",
      "integrity": "sha512-rOS8IpdO7mQELkTPlCsTgPejO0bFuZdEDCGQJouYbYf9e1FLTym7Fei2pEjq8q7MWbX0ravcd7QQYKs1TxOuog==",
      "dev": true,
      "license": "MIT",
      "dependencies": {
        "@babel/types": "^8.0.0-rc.6"
      },
      "bin": {
        "parser": "bin/babel-parser.js"
      },
      "engines": {
        "node": "^22.18.0 || >=24.11.0"
      }
    },
    "node_modules/@babel/types": {
      "version": "8.0.0-rc.6",
      "resolved": "https://registry.npmjs.org/@babel/types/-/types-8.0.0-rc.6.tgz",
      "integrity": "sha512-p7/ABylAYlexb31wtRdIfH9L9A0Z2T/9H6zAqzqndkY2PLkvNNc580wGhp/gGKN4Sp9sQvSkhc6Oga8/O+wTyw==",
      "dev": true,
      "license": "MIT",
      "dependencies": {
        "@babel/helper-string-parser": "^8.0.0-rc.6",
        "@babel/helper-validator-identifier": "^8.0.0-rc.6"
      },
      "engines": {
        "node": "^22.18.0 || >=24.11.0"
      }
    },
    "node_modules/@emnapi/core": {
      "version": "1.11.0",
      "resolved": "https://registry.npmjs.org/@emnapi/core/-/core-1.11.0.tgz",
      "integrity": "sha512-l9Oo58x0HOP5znGzVhYW9U3e5wVuA4LAZU2AGezTmkhO1CgQRFDhDg4nneHsu/t3WniXg9QrG2nIXL/ZS8ln8Q==",
      "dev": true,
      "license": "MIT",
      "optional": true,
      "dependencies": {
        "@emnapi/wasi-threads": "1.2.2",
        "tslib": "^2.4.0"
      }
    },
    "node_modules/@emnapi/runtime": {
      "version": "1.11.0",
      "resolved": "https://registry.npmjs.org/@emnapi/runtime/-/runtime-1.11.0.tgz",
      "integrity": "sha512-55coeOFKHv1ywEcUXJtWU5f+Jr/W5tZDvZig8DLKSwUN1JpROQ4rk/SNOQiFWmaR/VKF4zuFyW1B8JduOSv6Pg==",
      "dev": true,
      "license": "MIT",
      "optional": true,
      "dependencies": {
        "tslib": "^2.4.0"
      }
    },
    "node_modules/@emnapi/wasi-threads": {
      "version": "1.2.2",
      "resolved": "https://registry.npmjs.org/@emnapi/wasi-threads/-/wasi-threads-1.2.2.tgz",
      "integrity": "sha512-c95qOXkHdydNKhscBTebqEC1CVAZpyqOfVfBzQ1qgzyl3gfeldUjIggDbIZgDKsHLgnsM+igH7TJ/eAasaVuMA==",
      "dev": true,
      "license": "MIT",
      "optional": true,
      "dependencies": {
        "tslib": "^2.4.0"
      }
    },
    "node_modules/@jridgewell/gen-mapping": {
      "version": "0.3.13",
      "resolved": "https://registry.npmjs.org/@jridgewell/gen-mapping/-/gen-mapping-0.3.13.tgz",
      "integrity": "sha512-2kkt/7niJ6MgEPxF0bYdQ6etZaA+fQvDcLKckhy1yIQOzaoKjBBjSj63/aLVjYE3qhRt5dvM+uUyfCg6UKCBbA==",
      "dev": true,
      "license": "MIT",
      "dependencies": {
        "@jridgewell/sourcemap-codec": "^1.5.0",
        "@jridgewell/trace-mapping": "^0.3.24"
      }
    },
    "node_modules/@jridgewell/resolve-uri": {
      "version": "3.1.2",
      "resolved": "https://registry.npmjs.org/@jridgewell/resolve-uri/-/resolve-uri-3.1.2.tgz",
      "integrity": "sha512-bRISgCIjP20/tbWSPWMEi54QVPRZExkuD9lJL+UIxUKtwVJA8wW1Trb1jMs1RFXo1CBTNZ/5hpC9QvmKWdopKw==",
      "dev": true,
      "license": "MIT",
      "engines": {
        "node": ">=6.0.0"
      }
    },
    "node_modules/@jridgewell/sourcemap-codec": {
      "version": "1.5.5",
      "resolved": "https://registry.npmjs.org/@jridgewell/sourcemap-codec/-/sourcemap-codec-1.5.5.tgz",
      "integrity": "sha512-cYQ9310grqxueWbl+WuIUIaiUaDcj7WOq5fVhEljNVgRfOUhY9fy2zTvfoqWsnebh8Sl70VScFbICvJnLKB0Og==",
      "dev": true,
      "license": "MIT"
    },
    "node_modules/@jridgewell/trace-mapping": {
      "version": "0.3.31",
      "resolved": "https://registry.npmjs.org/@jridgewell/trace-mapping/-/trace-mapping-0.3.31.tgz",
      "integrity": "sha512-zzNR+SdQSDJzc8joaeP8QQoCQr8NuYx2dIIytl1QeBEZHJ9uW6hebsrYgbz8hJwUQao3TWCMtmfV8Nu1twOLAw==",
      "dev": true,
      "license": "MIT",
      "dependencies": {
        "@jridgewell/resolve-uri": "^3.1.0",
        "@jridgewell/sourcemap-codec": "^1.4.14"
      }
    },
    "node_modules/@koromix/koffi-darwin-arm64": {
      "version": "3.0.2",
      "resolved": "https://registry.npmjs.org/@koromix/koffi-darwin-arm64/-/koffi-darwin-arm64-3.0.2.tgz",
      "integrity": "sha512-OaL5EViEvsdbc8Ut90zY44AKF3mq6JBqkK/xLkGaSXcLsOJUsD+XaPAZb/WOWcKVg7On31wP+4hB7MwHQPdiUg==",
      "cpu": [
        "arm64"
      ],
      "license": "MIT",
      "optional": true,
      "os": [
        "darwin"
      ],
      "funding": {
        "url": "https://liberapay.com/Koromix"
      }
    },
    "node_modules/@koromix/koffi-darwin-x64": {
      "version": "3.0.2",
      "resolved": "https://registry.npmjs.org/@koromix/koffi-darwin-x64/-/koffi-darwin-x64-3.0.2.tgz",
      "integrity": "sha512-ZkBKudZkIOy5yVcp8cUTFCrE5DSgxkcH26mUxV6m8JgUtvtps4iMIGAAZLSq5aouvQQKhbKpXtZ3YdzpcytM+g==",
      "cpu": [
        "x64"
      ],
      "license": "MIT",
      "optional": true,
      "os": [
        "darwin"
      ],
      "funding": {
        "url": "https://liberapay.com/Koromix"
      }
    },
    "node_modules/@koromix/koffi-freebsd-arm64": {
      "version": "3.0.2",
      "resolved": "https://registry.npmjs.org/@koromix/koffi-freebsd-arm64/-/koffi-freebsd-arm64-3.0.2.tgz",
      "integrity": "sha512-eVHMjYL6yMc7GOdH0juDVEYFU4D9Az6cqyI7+ytWwovwAjHNtf96S17Ag/aI2qs7WVCoHceKDdMUATzs5grvMw==",
      "cpu": [
        "arm64"
      ],
      "license": "MIT",
      "optional": true,
      "os": [
        "freebsd"
      ],
      "funding": {
        "url": "https://liberapay.com/Koromix"
      }
    },
    "node_modules/@koromix/koffi-freebsd-ia32": {
      "version": "3.0.2",
      "resolved": "https://registry.npmjs.org/@koromix/koffi-freebsd-ia32/-/koffi-freebsd-ia32-3.0.2.tgz",
      "integrity": "sha512-qiSkR5fF/oa8MIukjsXMmFPC/FWGfUtw3ee+jgURg0R+Tuhlvqlfh50W4rQ0Y0faITJcF+3wmCI6WSt7p4iCkA==",
      "cpu": [
        "ia32"
      ],
      "license": "MIT",
      "optional": true,
      "os": [
        "freebsd"
      ],
      "funding": {
        "url": "https://liberapay.com/Koromix"
      }
    },
    "node_modules/@koromix/koffi-freebsd-x64": {
      "version": "3.0.2",
      "resolved": "https://registry.npmjs.org/@koromix/koffi-freebsd-x64/-/koffi-freebsd-x64-3.0.2.tgz",
      "integrity": "sha512-RDqoD8tBiRoe1C/lZEdMWETKk2dTR298XgJ9PBXbw2ETMVpIX+ci++X+j+4e7J3kVldxHLdFCykNei6d1wmhTA==",
      "cpu": [
        "x64"
      ],
      "license": "MIT",
      "optional": true,
      "os": [
        "freebsd"
      ],
      "funding": {
        "url": "https://liberapay.com/Koromix"
      }
    },
    "node_modules/@koromix/koffi-linux-arm64": {
      "version": "3.0.2",
      "resolved": "https://registry.npmjs.org/@koromix/koffi-linux-arm64/-/koffi-linux-arm64-3.0.2.tgz",
      "integrity": "sha512-zIm5NlzFuxt4f6mDjwTDgfzu8oZngcALTmOkWbp7HSeWdjQeiy8JRaSOEpfzlIlqWoPxhRUX5Yniqkt8564VnA==",
      "cpu": [
        "arm64"
      ],
      "license": "MIT",
      "optional": true,
      "os": [
        "linux"
      ],
      "funding": {
        "url": "https://liberapay.com/Koromix"
      }
    },
    "node_modules/@koromix/koffi-linux-ia32": {
      "version": "3.0.2",
      "resolved": "https://registry.npmjs.org/@koromix/koffi-linux-ia32/-/koffi-linux-ia32-3.0.2.tgz",
      "integrity": "sha512-Le3JxJswxBhO3OeeSWA400/v2sTPwTWz/IIc6ARc4SbTGUcz2jm6jXXQviW01r5OvCQ+w2Q2T4PxP+eaRa2+fQ==",
      "cpu": [
        "ia32"
      ],
      "license": "MIT",
      "optional": true,
      "os": [
        "linux"
      ],
      "funding": {
        "url": "https://liberapay.com/Koromix"
      }
    },
    "node_modules/@koromix/koffi-linux-loong64": {
      "version": "3.0.2",
      "resolved": "https://registry.npmjs.org/@koromix/koffi-linux-loong64/-/koffi-linux-loong64-3.0.2.tgz",
      "integrity": "sha512-TiPOFy4OX0tLhKwL6oSOhDIhwd5b48x7nxCBT8u6IW+nLXMIo2j+jla1h9niQ8HVGknGOzu48k55KVl0YMsaew==",
      "cpu": [
        "loong64"
      ],
      "license": "MIT",
      "optional": true,
      "os": [
        "linux"
      ],
      "funding": {
        "url": "https://liberapay.com/Koromix"
      }
    },
    "node_modules/@koromix/koffi-linux-riscv64": {
      "version": "3.0.2",
      "resolved": "https://registry.npmjs.org/@koromix/koffi-linux-riscv64/-/koffi-linux-riscv64-3.0.2.tgz",
      "integrity": "sha512-U44szVAHW4WKTV0s6K6rjeZEURJ0CFHbZC0Ik3lpzvEidbOu8dTft7OGNr4hhBvx/XaeLMCCebPLBoYZZNW2Dg==",
      "cpu": [
        "riscv64"
      ],
      "license": "MIT",
      "optional": true,
      "os": [
        "linux"
      ],
      "funding": {
        "url": "https://liberapay.com/Koromix"
      }
    },
    "node_modules/@koromix/koffi-linux-x64": {
      "version": "3.0.2",
      "resolved": "https://registry.npmjs.org/@koromix/koffi-linux-x64/-/koffi-linux-x64-3.0.2.tgz",
      "integrity": "sha512-bm4qT+e59KWn4V/jK8uF1RV2k0/JJvmGPUj4qCJ3E9663H+6ZLqz1rpCdgXSEA95f5CNR3RWcgjQwxgKO9xFtQ==",
      "cpu": [
        "x64"
      ],
      "license": "MIT",
      "optional": true,
      "os": [
        "linux"
      ],
      "funding": {
        "url": "https://liberapay.com/Koromix"
      }
    },
    "node_modules/@koromix/koffi-openbsd-ia32": {
      "version": "3.0.2",
      "resolved": "https://registry.npmjs.org/@koromix/koffi-openbsd-ia32/-/koffi-openbsd-ia32-3.0.2.tgz",
      "integrity": "sha512-tUu2LMSyeCSe1DbJKZrjGOKRQzDhj/RAw4rVdlHXlU/B26sdyKZjEwE3GxVlYDdEBX4FiYYmoVuG3BwGWSefCw==",
      "cpu": [
        "ia32"
      ],
      "license": "MIT",
      "optional": true,
      "os": [
        "openbsd"
      ],
      "funding": {
        "url": "https://liberapay.com/Koromix"
      }
    },
    "node_modules/@koromix/koffi-openbsd-x64": {
      "version": "3.0.2",
      "resolved": "https://registry.npmjs.org/@koromix/koffi-openbsd-x64/-/koffi-openbsd-x64-3.0.2.tgz",
      "integrity": "sha512-o4QZwsKIQvlMSIJaCXsu8d2sz4bbKEJrZhmnCeT/SKEU1VEiegmDn/I6DYrg5mOMDC15GWlUP1qP6AsVlrxqXA==",
      "cpu": [
        "x64"
      ],
      "license": "MIT",
      "optional": true,
      "os": [
        "openbsd"
      ],
      "funding": {
        "url": "https://liberapay.com/Koromix"
      }
    },
    "node_modules/@koromix/koffi-win32-ia32": {
      "version": "3.0.2",
      "resolved": "https://registry.npmjs.org/@koromix/koffi-win32-ia32/-/koffi-win32-ia32-3.0.2.tgz",
      "integrity": "sha512-Yz/iP2xLaq8t3TFy5+f2Oww7rBpXgZ4YRexdYffSm2EwcnDeCtPudQSjIiKyEBdvDsU2vQetTrxyqDHStXXocw==",
      "cpu": [
        "ia32"
      ],
      "license": "MIT",
      "optional": true,
      "os": [
        "win32"
      ],
      "funding": {
        "url": "https://liberapay.com/Koromix"
      }
    },
    "node_modules/@koromix/koffi-win32-x64": {
      "version": "3.0.2",
      "resolved": "https://registry.npmjs.org/@koromix/koffi-win32-x64/-/koffi-win32-x64-3.0.2.tgz",
      "integrity": "sha512-zozoHzvSi61jch4sKqFi3ATsDC7lviFthoivzPKVk4VeJvFeSdqueKoYGHNXEzfhIXn9Y5K85l9a59nwfutkUA==",
      "cpu": [
        "x64"
      ],
      "license": "MIT",
      "optional": true,
      "os": [
        "win32"
      ],
      "funding": {
        "url": "https://liberapay.com/Koromix"
      }
    },
    "node_modules/@napi-rs/wasm-runtime": {
      "version": "1.1.5",
      "resolved": "https://registry.npmjs.org/@napi-rs/wasm-runtime/-/wasm-runtime-1.1.5.tgz",
      "integrity": "sha512-AWPoBRJ9tsnVhor4sjO7rkni+7p+2IAEFj6cx06UgP10jkQHqay/36uRV/bFkgrh18D9vb4cr8Q0Pthskgzy+Q==",
      "dev": true,
      "license": "MIT",
      "optional": true,
      "dependencies": {
        "@tybys/wasm-util": "^0.10.2"
      },
      "funding": {
        "type": "github",
        "url": "https://github.com/sponsors/Brooooooklyn"
      },
      "peerDependencies": {
        "@emnapi/core": "^1.7.1",
        "@emnapi/runtime": "^1.7.1"
      }
    },
    "node_modules/@oxc-project/types": {
      "version": "0.135.0",
      "resolved": "https://registry.npmjs.org/@oxc-project/types/-/types-0.135.0.tgz",
      "integrity": "sha512-wR+xRdFkUBMvcAjBJ2q2kcZM6d+DKu2NgoOyxZgYwZdLhmiv6+rnO8PZ/P68kMiZtIKm+pW7zyEJ4kSOs0vo+Q==",
      "dev": true,
      "license": "MIT",
      "funding": {
        "url": "https://github.com/sponsors/Boshen"
      }
    },
    "node_modules/@quansync/fs": {
      "version": "1.0.0",
      "resolved": "https://registry.npmjs.org/@quansync/fs/-/fs-1.0.0.tgz",
      "integrity": "sha512-4TJ3DFtlf1L5LDMaM6CanJ/0lckGNtJcMjQ1NAV6zDmA0tEHKZtxNKin8EgPaVX1YzljbxckyT2tJrpQKAtngQ==",
      "dev": true,
      "license": "MIT",
      "dependencies": {
        "quansync": "^1.0.0"
      },
      "funding": {
        "url": "https://github.com/sponsors/sxzz"
      }
    },
    "node_modules/@rolldown/binding-android-arm64": {
      "version": "1.1.1",
      "resolved": "https://registry.npmjs.org/@rolldown/binding-android-arm64/-/binding-android-arm64-1.1.1.tgz",
      "integrity": "sha512-BLf9Wak/gfwVb7NQTQW4wBgL3oAfPy7ArEkhwV543OVw/uY6B47z5xYsqPSZ9PDOorvURPinws6ThaFuNgGLgA==",
      "cpu": [
        "arm64"
      ],
      "dev": true,
      "license": "MIT",
      "optional": true,
      "os": [
        "android"
      ],
      "engines": {
        "node": "^20.19.0 || >=22.12.0"
      }
    },
    "node_modules/@rolldown/binding-darwin-arm64": {
      "version": "1.1.1",
      "resolved": "https://registry.npmjs.org/@rolldown/binding-darwin-arm64/-/binding-darwin-arm64-1.1.1.tgz",
      "integrity": "sha512-rRZRPy/Ynb+Mxu0O6tfPldHeDgAn0sRij+IOUy6sFdUlv3hArGW/DloE3GfAxtqpOJuRNgF74Nr5gM4xBeU2jQ==",
      "cpu": [
        "arm64"
      ],
      "dev": true,
      "license": "MIT",
      "optional": true,
      "os": [
        "darwin"
      ],
      "engines": {
        "node": "^20.19.0 || >=22.12.0"
      }
    },
    "node_modules/@rolldown/binding-darwin-x64": {
      "version": "1.1.1",
      "resolved": "https://registry.npmjs.org/@rolldown/binding-darwin-x64/-/binding-darwin-x64-1.1.1.tgz",
      "integrity": "sha512-/MtefPxhKPyWWFM8L45OWiEqRf+eSU2Qv9ZAyTaoZOoGcoPKxbbhjTJO2/U2IThv0uDZ4NWHc3/oTsR6IEOtww==",
      "cpu": [
        "x64"
      ],
      "dev": true,
      "license": "MIT",
      "optional": true,
      "os": [
        "darwin"
      ],
      "engines": {
        "node": "^20.19.0 || >=22.12.0"
      }
    },
    "node_modules/@rolldown/binding-freebsd-x64": {
      "version": "1.1.1",
      "resolved": "https://registry.npmjs.org/@rolldown/binding-freebsd-x64/-/binding-freebsd-x64-1.1.1.tgz",
      "integrity": "sha512-202K+cpIi1kx/Zn7AtxBi4LTXSY67Aszb2K9rNsuW7FeBeh0nqoNmYLOSZidV0p88VPBzMmTZcHAdPNo3kRYzQ==",
      "cpu": [
        "x64"
      ],
      "dev": true,
      "license": "MIT",
      "optional": true,
      "os": [
        "freebsd"
      ],
      "engines": {
        "node": "^20.19.0 || >=22.12.0"
      }
    },
    "node_modules/@rolldown/binding-linux-arm-gnueabihf": {
      "version": "1.1.1",
      "resolved": "https://registry.npmjs.org/@rolldown/binding-linux-arm-gnueabihf/-/binding-linux-arm-gnueabihf-1.1.1.tgz",
      "integrity": "sha512-wl9NfeXNUwrXtUc063tddmZFUI6qiNs1CNOwni0OL4vC7MqVSYugra3ZgtDmtVy8e0DluJTENmzIv2BwqLzT4Q==",
      "cpu": [
        "arm"
      ],
      "dev": true,
      "license": "MIT",
      "optional": true,
      "os": [
        "linux"
      ],
      "engines": {
        "node": "^20.19.0 || >=22.12.0"
      }
    },
    "node_modules/@rolldown/binding-linux-arm64-gnu": {
      "version": "1.1.1",
      "resolved": "https://registry.npmjs.org/@rolldown/binding-linux-arm64-gnu/-/binding-linux-arm64-gnu-1.1.1.tgz",
      "integrity": "sha512-at2EO4o7D/PJLC4Xik16bU4CcjQE2tSv1LfqMA0TRYQYQihRm3gZeDB8xaX28A9SFedibcAk5DeMCKt4REKG0A==",
      "cpu": [
        "arm64"
      ],
      "dev": true,
      "libc": [
        "glibc"
      ],
      "license": "MIT",
      "optional": true,
      "os": [
        "linux"
      ],
      "engines": {
        "node": "^20.19.0 || >=22.12.0"
      }
    },
    "node_modules/@rolldown/binding-linux-arm64-musl": {
      "version": "1.1.1",
      "resolved": "https://registry.npmjs.org/@rolldown/binding-linux-arm64-musl/-/binding-linux-arm64-musl-1.1.1.tgz",
      "integrity": "sha512-5PUjZx366h9tkJTPJF5eibxOlK3sGoeRiBJLLjjEB5/kLDuhr6qB3LkhqLz1smXNgsX+pBhnbcJBrPE30HznAA==",
      "cpu": [
        "arm64"
      ],
      "dev": true,
      "libc": [
        "musl"
      ],
      "license": "MIT",
      "optional": true,
      "os": [
        "linux"
      ],
      "engines": {
        "node": "^20.19.0 || >=22.12.0"
      }
    },
    "node_modules/@rolldown/binding-linux-ppc64-gnu": {
      "version": "1.1.1",
      "resolved": "https://registry.npmjs.org/@rolldown/binding-linux-ppc64-gnu/-/binding-linux-ppc64-gnu-1.1.1.tgz",
      "integrity": "sha512-1WK84XPeio3tjP1sM/TMXiC0G1i1iq1qGZ71KfNQjEFLU1kwD+Cv5T8nGySg/JUFwLbaScu6ve9DmeXlmqpkFA==",
      "cpu": [
        "ppc64"
      ],
      "dev": true,
      "libc": [
        "glibc"
      ],
      "license": "MIT",
      "optional": true,
      "os": [
        "linux"
      ],
      "engines": {
        "node": "^20.19.0 || >=22.12.0"
      }
    },
    "node_modules/@rolldown/binding-linux-s390x-gnu": {
      "version": "1.1.1",
      "resolved": "https://registry.npmjs.org/@rolldown/binding-linux-s390x-gnu/-/binding-linux-s390x-gnu-1.1.1.tgz",
      "integrity": "sha512-1nS1X5z1uMJ369RU25hTpKCFvUwXZp12dIzlzk4S+UxCTcSVGsAE6tzkOSufv/7jnmAtK0ZlrsJxh2fGmsnVSw==",
      "cpu": [
        "s390x"
      ],
      "dev": true,
      "libc": [
        "glibc"
      ],
      "license": "MIT",
      "optional": true,
      "os": [
        "linux"
      ],
      "engines": {
        "node": "^20.19.0 || >=22.12.0"
      }
    },
    "node_modules/@rolldown/binding-linux-x64-gnu": {
      "version": "1.1.1",
      "resolved": "https://registry.npmjs.org/@rolldown/binding-linux-x64-gnu/-/binding-linux-x64-gnu-1.1.1.tgz",
      "integrity": "sha512-NwX/wspnq4vYyMFsqbYvzums3ki/Tk8FZbMzMAovPDp3OfLeYKby/D+9osokadXuYEV3OvpeHlwnr/bG8QMixA==",
      "cpu": [
        "x64"
      ],
      "dev": true,
      "libc": [
        "glibc"
      ],
      "license": "MIT",
      "optional": true,
      "os": [
        "linux"
      ],
      "engines": {
        "node": "^20.19.0 || >=22.12.0"
      }
    },
    "node_modules/@rolldown/binding-linux-x64-musl": {
      "version": "1.1.1",
      "resolved": "https://registry.npmjs.org/@rolldown/binding-linux-x64-musl/-/binding-linux-x64-musl-1.1.1.tgz",
      "integrity": "sha512-+n46LhDrJFQM+229y4oXtVpj1G50U/+XuHMlpnisFTEXhrg9f/YIjp/HymX+PVJjBEr7XHRs3CFLelV464pqwA==",
      "cpu": [
        "x64"
      ],
      "dev": true,
      "libc": [
        "musl"
      ],
      "license": "MIT",
      "optional": true,
      "os": [
        "linux"
      ],
      "engines": {
        "node": "^20.19.0 || >=22.12.0"
      }
    },
    "node_modules/@rolldown/binding-openharmony-arm64": {
      "version": "1.1.1",
      "resolved": "https://registry.npmjs.org/@rolldown/binding-openharmony-arm64/-/binding-openharmony-arm64-1.1.1.tgz",
      "integrity": "sha512-qGwEu47zOWYo7LdRHhCWTNhzwGtxXpdY6CERs8QEOqC0PXGGics/e3vHnyEUKt8xK6YkbZXFUCeklrpB6js8ag==",
      "cpu": [
        "arm64"
      ],
      "dev": true,
      "license": "MIT",
      "optional": true,
      "os": [
        "openharmony"
      ],
      "engines": {
        "node": "^20.19.0 || >=22.12.0"
      }
    },
    "node_modules/@rolldown/binding-wasm32-wasi": {
      "version": "1.1.1",
      "resolved": "https://registry.npmjs.org/@rolldown/binding-wasm32-wasi/-/binding-wasm32-wasi-1.1.1.tgz",
      "integrity": "sha512-qczfgEH8u0wHGGOXtA7UMAybNKuQjjEXairyQaw4WzjiMztfbgatG1h4OKays/smhtwbWltpKCRGtVhU6h40Sg==",
      "cpu": [
        "wasm32"
      ],
      "dev": true,
      "license": "MIT",
      "optional": true,
      "dependencies": {
        "@emnapi/core": "1.11.0",
        "@emnapi/runtime": "1.11.0",
        "@napi-rs/wasm-runtime": "^1.1.5"
      },
      "engines": {
        "node": "^20.19.0 || >=22.12.0"
      }
    },
    "node_modules/@rolldown/binding-win32-arm64-msvc": {
      "version": "1.1.1",
      "resolved": "https://registry.npmjs.org/@rolldown/binding-win32-arm64-msvc/-/binding-win32-arm64-msvc-1.1.1.tgz",
      "integrity": "sha512-4psXSh63mSbwJF+mB8/9yfUUEzBiHYcUjxa32EO9ZwKy0Ypwjcg4F10D8SvVXgd+isy2UUUjF9HJJnDu1T/4Gg==",
      "cpu": [
        "arm64"
      ],
      "dev": true,
      "license": "MIT",
      "optional": true,
      "os": [
        "win32"
      ],
      "engines": {
        "node": "^20.19.0 || >=22.12.0"
      }
    },
    "node_modules/@rolldown/binding-win32-x64-msvc": {
      "version": "1.1.1",
      "resolved": "https://registry.npmjs.org/@rolldown/binding-win32-x64-msvc/-/binding-win32-x64-msvc-1.1.1.tgz",
      "integrity": "sha512-MUvC/HLXVjzkQkWiExdVTEEWf0py+GfWm8WKSZsekG3ih6a21iy0BHPF07X3JIf3ifoklZXTIaHTLPBgH1C3dw==",
      "cpu": [
        "x64"
      ],
      "dev": true,
      "license": "MIT",
      "optional": true,
      "os": [
        "win32"
      ],
      "engines": {
        "node": "^20.19.0 || >=22.12.0"
      }
    },
    "node_modules/@rolldown/pluginutils": {
      "version": "1.0.1",
      "resolved": "https://registry.npmjs.org/@rolldown/pluginutils/-/pluginutils-1.0.1.tgz",
      "integrity": "sha512-2j9bGt5Jh8hj+vPtgzPtl72j0yRxHAyumoo6TNfAjsLB04UtpSvPbPcDcBMxz7n+9CYB0c1GxQFxYRg2jimqGw==",
      "dev": true,
      "license": "MIT"
    },
    "node_modules/@tybys/wasm-util": {
      "version": "0.10.2",
      "resolved": "https://registry.npmjs.org/@tybys/wasm-util/-/wasm-util-0.10.2.tgz",
      "integrity": "sha512-RoBvJ2X0wuKlWFIjrwffGw1IqZHKQqzIchKaadZZfnNpsAYp2mM0h36JtPCjNDAHGgYez/15uMBpfGwchhiMgg==",
      "dev": true,
      "license": "MIT",
      "optional": true,
      "dependencies": {
        "tslib": "^2.4.0"
      }
    },
    "node_modules/@types/estree": {
      "version": "1.0.9",
      "resolved": "https://registry.npmjs.org/@types/estree/-/estree-1.0.9.tgz",
      "integrity": "sha512-GhdPgy1el4/ImP05X05Uw4cw2/M93BCUmnEvWZNStlCzEKME4Fkk+YpoA5OiHNQmoS7Cafb8Xa3Pya8m1Qrzeg==",
      "dev": true,
      "license": "MIT"
    },
    "node_modules/@types/jsesc": {
      "version": "2.5.1",
      "resolved": "https://registry.npmjs.org/@types/jsesc/-/jsesc-2.5.1.tgz",
      "integrity": "sha512-9VN+6yxLOPLOav+7PwjZbxiID2bVaeq0ED4qSQmdQTdjnXJSaCVKTR58t15oqH1H5t8Ng2ZX1SabJVoN9Q34bw==",
      "dev": true,
      "license": "MIT"
    },
    "node_modules/ansis": {
      "version": "4.3.1",
      "resolved": "https://registry.npmjs.org/ansis/-/ansis-4.3.1.tgz",
      "integrity": "sha512-BJ8/l4R5LRE7hW9WdSuGYrLSHi2ynxeFpDFbH0K/CgNeY/tyhk+vO6TYxXC5r5CpUhNVX310xzPsN/H9lCdfOA==",
      "dev": true,
      "license": "ISC",
      "engines": {
        "node": ">=14"
      }
    },
    "node_modules/ast-kit": {
      "version": "3.0.0-beta.1",
      "resolved": "https://registry.npmjs.org/ast-kit/-/ast-kit-3.0.0-beta.1.tgz",
      "integrity": "sha512-trmleAnZ2PxN/loHWVhhx1qeOHSRXq4TDsBBxq3GqeJitfk3+jTQ+v/C1km/KYq9M7wKqCewMh+/NAvVH7m+bw==",
      "dev": true,
      "license": "MIT",
      "dependencies": {
        "@babel/parser": "^8.0.0-beta.4",
        "estree-walker": "^3.0.3",
        "pathe": "^2.0.3"
      },
      "engines": {
        "node": ">=20.19.0"
      },
      "funding": {
        "url": "https://github.com/sponsors/sxzz"
      }
    },
    "node_modules/birpc": {
      "version": "4.0.0",
      "resolved": "https://registry.npmjs.org/birpc/-/birpc-4.0.0.tgz",
      "integrity": "sha512-LShSxJP0KTmd101b6DRyGBj57LZxSDYWKitQNW/mi8GRMvZb078Uf9+pveax1DrVL89vm7mWe+TovdI/UDOuPw==",
      "dev": true,
      "license": "MIT",
      "funding": {
        "url": "https://github.com/sponsors/antfu"
      }
    },
    "node_modules/cac": {
      "version": "7.0.0",
      "resolved": "https://registry.npmjs.org/cac/-/cac-7.0.0.tgz",
      "integrity": "sha512-tixWYgm5ZoOD+3g6UTea91eow5z6AAHaho3g0V9CNSNb45gM8SmflpAc+GRd1InC4AqN/07Unrgp56Y94N9hJQ==",
      "dev": true,
      "license": "MIT",
      "engines": {
        "node": ">=20.19.0"
      }
    },
    "node_modules/defu": {
      "version": "6.1.7",
      "resolved": "https://registry.npmjs.org/defu/-/defu-6.1.7.tgz",
      "integrity": "sha512-7z22QmUWiQ/2d0KkdYmANbRUVABpZ9SNYyH5vx6PZ+nE5bcC0l7uFvEfHlyld/HcGBFTL536ClDt3DEcSlEJAQ==",
      "dev": true,
      "license": "MIT"
    },
    "node_modules/dts-resolver": {
      "version": "3.0.0",
      "resolved": "https://registry.npmjs.org/dts-resolver/-/dts-resolver-3.0.0.tgz",
      "integrity": "sha512-1T1f+z+4tl9XD+m+0HBgWoL/nm0bOIffyWaUuUSBlFg/86IWvfx+wjNaO/ybU0AJzG9/Mi5hBUgGV6zCmWEN7Q==",
      "dev": true,
      "license": "MIT",
      "engines": {
        "node": "^22.18.0 || >=24.0.0"
      },
      "funding": {
        "url": "https://github.com/sponsors/sxzz"
      },
      "peerDependencies": {
        "oxc-resolver": ">=11.0.0"
      },
      "peerDependenciesMeta": {
        "oxc-resolver": {
          "optional": true
        }
      }
    },
    "node_modules/empathic": {
      "version": "2.0.1",
      "resolved": "https://registry.npmjs.org/empathic/-/empathic-2.0.1.tgz",
      "integrity": "sha512-YGRs8knHhKHVShLkFET/rWAU8kmHbOV5LwN938RHI0pljAJ1Gf6SzXsSmRaEzcXTtOOmVqJ5+WtQPL5uigY50Q==",
      "dev": true,
      "license": "MIT",
      "engines": {
        "node": ">=14"
      }
    },
    "node_modules/estree-walker": {
      "version": "3.0.3",
      "resolved": "https://registry.npmjs.org/estree-walker/-/estree-walker-3.0.3.tgz",
      "integrity": "sha512-7RUKfXgSMMkzt6ZuXmqapOurLGPPfgj6l9uRZ7lRGolvk0y2yocc35LdcxKC5PQZdn2DMqioAQ2NoWcrTKmm6g==",
      "dev": true,
      "license": "MIT",
      "dependencies": {
        "@types/estree": "^1.0.0"
      }
    },
    "node_modules/fdir": {
      "version": "6.5.0",
      "resolved": "https://registry.npmjs.org/fdir/-/fdir-6.5.0.tgz",
      "integrity": "sha512-tIbYtZbucOs0BRGqPJkshJUYdL+SDH7dVM8gjy+ERp3WAUjLEFJE+02kanyHtwjWOnwrKYBiwAmM0p4kLJAnXg==",
      "dev": true,
      "license": "MIT",
      "engines": {
        "node": ">=12.0.0"
      },
      "peerDependencies": {
        "picomatch": "^3 || ^4"
      },
      "peerDependenciesMeta": {
        "picomatch": {
          "optional": true
        }
      }
    },
    "node_modules/get-tsconfig": {
      "version": "5.0.0-beta.5",
      "resolved": "https://registry.npmjs.org/get-tsconfig/-/get-tsconfig-5.0.0-beta.5.tgz",
      "integrity": "sha512-/6gFNr0N04nob252sTQxyFLi3eKFRqIg1I87YcqAMT1i6SQrSF6KujUEQrtrjMV0H/eejTCltLdDSTEMzHbnsQ==",
      "dev": true,
      "license": "MIT",
      "dependencies": {
        "resolve-pkg-maps": "^1.0.0"
      },
      "engines": {
        "node": ">=20.20.0"
      },
      "funding": {
        "url": "https://github.com/privatenumber/get-tsconfig?sponsor=1"
      }
    },
    "node_modules/hookable": {
      "version": "6.1.1",
      "resolved": "https://registry.npmjs.org/hookable/-/hookable-6.1.1.tgz",
      "integrity": "sha512-U9LYDy1CwhMCnprUfeAZWZGByVbhd54hwepegYTK7Pi5NvqEj63ifz5z+xukznehT7i6NIZRu89Ay1AZmRsLEQ==",
      "dev": true,
      "license": "MIT"
    },
    "node_modules/import-without-cache": {
      "version": "0.4.0",
      "resolved": "https://registry.npmjs.org/import-without-cache/-/import-without-cache-0.4.0.tgz",
      "integrity": "sha512-NkJQA7oZ4YHQhd2+H3BoRFKF3d/XNsiKpHZCQEMH9pDX27hQQLsTyOocyRgaIVtf8gHX3Nt3LPkR4e5EdtPAGQ==",
      "dev": true,
      "license": "MIT",
      "engines": {
        "node": "^22.18.0 || >=24.0.0"
      },
      "funding": {
        "url": "https://github.com/sponsors/sxzz"
      }
    },
    "node_modules/jsesc": {
      "version": "3.1.0",
      "resolved": "https://registry.npmjs.org/jsesc/-/jsesc-3.1.0.tgz",
      "integrity": "sha512-/sM3dO2FOzXjKQhJuo0Q173wf2KOo8t4I8vHy6lF9poUp7bKT0/NHE8fPX23PwfhnykfqnC2xRxOnVw5XuGIaA==",
      "dev": true,
      "license": "MIT",
      "bin": {
        "jsesc": "bin/jsesc"
      },
      "engines": {
        "node": ">=6"
      }
    },
    "node_modules/koffi": {
      "version": "3.0.2",
      "resolved": "https://registry.npmjs.org/koffi/-/koffi-3.0.2.tgz",
      "integrity": "sha512-YS4sGzlVMhFNNkKbkB3tcLKJxH9WGP3jHTxi4Eyx+ieMRKVz4K2i+6rebYr9ngHN36jhIW6YXnxkzBeOQ51lsw==",
      "hasInstallScript": true,
      "license": "MIT",
      "funding": {
        "url": "https://liberapay.com/Koromix"
      },
      "optionalDependencies": {
        "@koromix/koffi-darwin-arm64": "3.0.2",
        "@koromix/koffi-darwin-x64": "3.0.2",
        "@koromix/koffi-freebsd-arm64": "3.0.2",
        "@koromix/koffi-freebsd-ia32": "3.0.2",
        "@koromix/koffi-freebsd-x64": "3.0.2",
        "@koromix/koffi-linux-arm64": "3.0.2",
        "@koromix/koffi-linux-ia32": "3.0.2",
        "@koromix/koffi-linux-loong64": "3.0.2",
        "@koromix/koffi-linux-riscv64": "3.0.2",
        "@koromix/koffi-linux-x64": "3.0.2",
        "@koromix/koffi-openbsd-ia32": "3.0.2",
        "@koromix/koffi-openbsd-x64": "3.0.2",
        "@koromix/koffi-win32-ia32": "3.0.2",
        "@koromix/koffi-win32-x64": "3.0.2"
      }
    },
    "node_modules/obug": {
      "version": "2.1.3",
      "resolved": "https://registry.npmjs.org/obug/-/obug-2.1.3.tgz",
      "integrity": "sha512-9miFgM2OFba7hB+pRgvtV84pYTBaoTHohvmIgiRt6dRIzbwEOIaNaP+dIlGs2fNFoB0SeISs0Jz5WFVRid6Xyg==",
      "dev": true,
      "funding": [
        "https://github.com/sponsors/sxzz",
        "https://opencollective.com/debug"
      ],
      "license": "MIT",
      "engines": {
        "node": ">=12.20.0"
      }
    },
    "node_modules/pathe": {
      "version": "2.0.3",
      "resolved": "https://registry.npmjs.org/pathe/-/pathe-2.0.3.tgz",
      "integrity": "sha512-WUjGcAqP1gQacoQe+OBJsFA7Ld4DyXuUIjZ5cc75cLHvJ7dtNsTugphxIADwspS+AraAUePCKrSVtPLFj/F88w==",
      "dev": true,
      "license": "MIT"
    },
    "node_modules/picomatch": {
      "version": "4.0.4",
      "resolved": "https://registry.npmjs.org/picomatch/-/picomatch-4.0.4.tgz",
      "integrity": "sha512-QP88BAKvMam/3NxH6vj2o21R6MjxZUAd6nlwAS/pnGvN9IVLocLHxGYIzFhg6fUQ+5th6P4dv4eW9jX3DSIj7A==",
      "dev": true,
      "license": "MIT",
      "engines": {
        "node": ">=12"
      },
      "funding": {
        "url": "https://github.com/sponsors/jonschlinkert"
      }
    },
    "node_modules/quansync": {
      "version": "1.0.0",
      "resolved": "https://registry.npmjs.org/quansync/-/quansync-1.0.0.tgz",
      "integrity": "sha512-5xZacEEufv3HSTPQuchrvV6soaiACMFnq1H8wkVioctoH3TRha9Sz66lOxRwPK/qZj7HPiSveih9yAyh98gvqA==",
      "dev": true,
      "funding": [
        {
          "type": "individual",
          "url": "https://github.com/sponsors/antfu"
        },
        {
          "type": "individual",
          "url": "https://github.com/sponsors/sxzz"
        }
      ],
      "license": "MIT"
    },
    "node_modules/resolve-pkg-maps": {
      "version": "1.0.0",
      "resolved": "https://registry.npmjs.org/resolve-pkg-maps/-/resolve-pkg-maps-1.0.0.tgz",
      "integrity": "sha512-seS2Tj26TBVOC2NIc2rOe2y2ZO7efxITtLZcGSOnHHNOQ7CkiUBfw0Iw2ck6xkIhPwLhKNLS8BO+hEpngQlqzw==",
      "dev": true,
      "license": "MIT",
      "funding": {
        "url": "https://github.com/privatenumber/resolve-pkg-maps?sponsor=1"
      }
    },
    "node_modules/rolldown": {
      "version": "1.1.1",
      "resolved": "https://registry.npmjs.org/rolldown/-/rolldown-1.1.1.tgz",
      "integrity": "sha512-IN750c0p+s3jqJIsFLRZrQazmbAB1kkQDTtQjSt/gbS2ywLhlv4R5Shazer0FZKmuo/BsO3/w2UoYnUjuOZqHg==",
      "dev": true,
      "license": "MIT",
      "dependencies": {
        "@oxc-project/types": "=0.135.0",
        "@rolldown/pluginutils": "^1.0.0"
      },
      "bin": {
        "rolldown": "bin/cli.mjs"
      },
      "engines": {
        "node": "^20.19.0 || >=22.12.0"
      },
      "optionalDependencies": {
        "@rolldown/binding-android-arm64": "1.1.1",
        "@rolldown/binding-darwin-arm64": "1.1.1",
        "@rolldown/binding-darwin-x64": "1.1.1",
        "@rolldown/binding-freebsd-x64": "1.1.1",
        "@rolldown/binding-linux-arm-gnueabihf": "1.1.1",
        "@rolldown/binding-linux-arm64-gnu": "1.1.1",
        "@rolldown/binding-linux-arm64-musl": "1.1.1",
        "@rolldown/binding-linux-ppc64-gnu": "1.1.1",
        "@rolldown/binding-linux-s390x-gnu": "1.1.1",
        "@rolldown/binding-linux-x64-gnu": "1.1.1",
        "@rolldown/binding-linux-x64-musl": "1.1.1",
        "@rolldown/binding-openharmony-arm64": "1.1.1",
        "@rolldown/binding-wasm32-wasi": "1.1.1",
        "@rolldown/binding-win32-arm64-msvc": "1.1.1",
        "@rolldown/binding-win32-x64-msvc": "1.1.1"
      }
    },
    "node_modules/rolldown-plugin-dts": {
      "version": "0.25.2",
      "resolved": "https://registry.npmjs.org/rolldown-plugin-dts/-/rolldown-plugin-dts-0.25.2.tgz",
      "integrity": "sha512-nMhN/R+vmR8GM45ZW1FWMSjRTSDDn/6w4GTf8RNrEFCBdl8B1kySWrU1ixPtbwzXoRlcO+R/S88VgXuJQwfdDg==",
      "dev": true,
      "license": "MIT",
      "dependencies": {
        "@babel/generator": "8.0.0-rc.6",
        "@babel/helper-validator-identifier": "8.0.0-rc.6",
        "@babel/parser": "8.0.0-rc.6",
        "ast-kit": "^3.0.0-beta.1",
        "birpc": "^4.0.0",
        "dts-resolver": "^3.0.0",
        "get-tsconfig": "5.0.0-beta.5",
        "obug": "^2.1.1"
      },
      "engines": {
        "node": "^22.18.0 || >=24.0.0"
      },
      "funding": {
        "url": "https://github.com/sponsors/sxzz"
      },
      "peerDependencies": {
        "@ts-macro/tsc": "^0.3.6",
        "@typescript/native-preview": ">=7.0.0-dev.20260325.1",
        "rolldown": "^1.0.0",
        "typescript": "^5.0.0 || ^6.0.0",
        "vue-tsc": "~3.2.0"
      },
      "peerDependenciesMeta": {
        "@ts-macro/tsc": {
          "optional": true
        },
        "@typescript/native-preview": {
          "optional": true
        },
        "typescript": {
          "optional": true
        },
        "vue-tsc": {
          "optional": true
        }
      }
    },
    "node_modules/semver": {
      "version": "7.8.4",
      "resolved": "https://registry.npmjs.org/semver/-/semver-7.8.4.tgz",
      "integrity": "sha512-rUCObTnP32Q08R2uuIrt7r9PlEonuTmtuXYcW6s5kjdlj3xbnwe+21yXptAUYcMAABLkYYTtnmzb3w3EDZfueA==",
      "dev": true,
      "license": "ISC",
      "bin": {
        "semver": "bin/semver.js"
      },
      "engines": {
        "node": ">=10"
      }
    },
    "node_modules/tinyexec": {
      "version": "1.2.4",
      "resolved": "https://registry.npmjs.org/tinyexec/-/tinyexec-1.2.4.tgz",
      "integrity": "sha512-SHf/r48b7vOrjve9PxJo3MN5v5yuyjHvdUcrQffT3WXMUfnGmHDVbC4k3sHJaJTgZCwpUplIaAo5ANtMyp3YHg==",
      "dev": true,
      "license": "MIT",
      "engines": {
        "node": ">=18"
      }
    },
    "node_modules/tinyglobby": {
      "version": "0.2.17",
      "resolved": "https://registry.npmjs.org/tinyglobby/-/tinyglobby-0.2.17.tgz",
      "integrity": "sha512-wXR/dYpcqKmfWpEdZjiKJOwCNFndD0DMnrW/cYjVGttEkBfVgcLFHoNrlj47mjOVic9yyNu65alsgF4NQyTa2g==",
      "dev": true,
      "license": "MIT",
      "dependencies": {
        "fdir": "^6.5.0",
        "picomatch": "^4.0.4"
      },
      "engines": {
        "node": ">=12.0.0"
      },
      "funding": {
        "url": "https://github.com/sponsors/SuperchupuDev"
      }
    },
    "node_modules/tree-kill": {
      "version": "1.2.2",
      "resolved": "https://registry.npmjs.org/tree-kill/-/tree-kill-1.2.2.tgz",
      "integrity": "sha512-L0Orpi8qGpRG//Nd+H90vFB+3iHnue1zSSGmNOOCh1GLJ7rUKVwV2HvijphGQS2UmhUZewS9VgvxYIdgr+fG1A==",
      "dev": true,
      "license": "MIT",
      "bin": {
        "tree-kill": "cli.js"
      }
    },
    "node_modules/tsdown": {
      "version": "0.22.2",
      "resolved": "https://registry.npmjs.org/tsdown/-/tsdown-0.22.2.tgz",
      "integrity": "sha512-VX9gsyKXsTnBZjnIM4jsHl9aRv+GfgkE/k1hQslilaBfZMlaw3JuGR+6yhiU0QxWBtOCDnTjwOSoXzgB7Rr50g==",
      "dev": true,
      "license": "MIT",
      "dependencies": {
        "ansis": "^4.3.1",
        "cac": "^7.0.0",
        "defu": "^6.1.7",
        "empathic": "^2.0.1",
        "hookable": "^6.1.1",
        "import-without-cache": "^0.4.0",
        "obug": "^2.1.1",
        "picomatch": "^4.0.4",
        "rolldown": "~1.1.0",
        "rolldown-plugin-dts": "^0.25.2",
        "semver": "^7.8.1",
        "tinyexec": "^1.2.4",
        "tinyglobby": "^0.2.17",
        "tree-kill": "^1.2.2",
        "unconfig-core": "^7.5.0"
      },
      "bin": {
        "tsdown": "dist/run.mjs"
      },
      "engines": {
        "node": "^22.18.0 || >=24.0.0"
      },
      "funding": {
        "url": "https://github.com/sponsors/sxzz"
      },
      "peerDependencies": {
        "@arethetypeswrong/core": "^0.18.1",
        "@tsdown/css": "0.22.2",
        "@tsdown/exe": "0.22.2",
        "@vitejs/devtools": "*",
        "publint": "^0.3.8",
        "tsx": "*",
        "typescript": "^5.0.0 || ^6.0.0",
        "unplugin-unused": "^0.5.0",
        "unrun": "*"
      },
      "peerDependenciesMeta": {
        "@arethetypeswrong/core": {
          "optional": true
        },
        "@tsdown/css": {
          "optional": true
        },
        "@tsdown/exe": {
          "optional": true
        },
        "@vitejs/devtools": {
          "optional": true
        },
        "publint": {
          "optional": true
        },
        "tsx": {
          "optional": true
        },
        "typescript": {
          "optional": true
        },
        "unplugin-unused": {
          "optional": true
        },
        "unrun": {
          "optional": true
        }
      }
    },
    "node_modules/tslib": {
      "version": "2.8.1",
      "resolved": "https://registry.npmjs.org/tslib/-/tslib-2.8.1.tgz",
      "integrity": "sha512-oJFu94HQb+KVduSUQL7wnpmqnfmLsOA/nAh6b6EH0wCEoK0/mPeXU6c3wKDV83MkOuHPRHtSXKKU99IBazS/2w==",
      "dev": true,
      "license": "0BSD",
      "optional": true
    },
    "node_modules/typescript": {
      "version": "6.0.3",
      "resolved": "https://registry.npmjs.org/typescript/-/typescript-6.0.3.tgz",
      "integrity": "sha512-y2TvuxSZPDyQakkFRPZHKFm+KKVqIisdg9/CZwm9ftvKXLP8NRWj38/ODjNbr43SsoXqNuAisEf1GdCxqWcdBw==",
      "dev": true,
      "license": "Apache-2.0",
      "bin": {
        "tsc": "bin/tsc",
        "tsserver": "bin/tsserver"
      },
      "engines": {
        "node": ">=14.17"
      }
    },
    "node_modules/unconfig-core": {
      "version": "7.5.0",
      "resolved": "https://registry.npmjs.org/unconfig-core/-/unconfig-core-7.5.0.tgz",
      "integrity": "sha512-Su3FauozOGP44ZmKdHy2oE6LPjk51M/TRRjHv2HNCWiDvfvCoxC2lno6jevMA91MYAdCdwP05QnWdWpSbncX/w==",
      "dev": true,
      "license": "MIT",
      "dependencies": {
        "@quansync/fs": "^1.0.0",
        "quansync": "^1.0.0"
      },
      "funding": {
        "url": "https://github.com/sponsors/antfu"
      }
    }
  }
}
